// !$*UTF8*$!
{
	archiveVersion = 1;
	classes = {
	};
	objectVersion = 77;
	objects = {

/* Begin PBXBuildFile section */
		835DA9812D687C8300E4026B /* FirebaseAnalytics in Frameworks */ = {isa = PBXBuildFile; productRef = 835DA9802D687C8300E4026B /* FirebaseAnalytics */; };
		835DA9832D687C8300E4026B /* FirebaseAnalyticsOnDeviceConversion in Frameworks */ = {isa = PBXBuildFile; productRef = 835DA9822D687C8300E4026B /* FirebaseAnalyticsOnDeviceConversion */; };
		835DA9852D687C8300E4026B /* FirebaseAnalyticsWithoutAdIdSupport in Frameworks */ = {isa = PBXBuildFile; productRef = 835DA9842D687C8300E4026B /* FirebaseAnalyticsWithoutAdIdSupport */; };
		835DA9872D687C8300E4026B /* FirebaseAppCheck in Frameworks */ = {isa = PBXBuildFile; productRef = 835DA9862D687C8300E4026B /* FirebaseAppCheck */; };
		835DA9892D687C8300E4026B /* FirebaseAppDistribution-Beta in Frameworks */ = {isa = PBXBuildFile; productRef = 835DA9882D687C8300E4026B /* FirebaseAppDistribution-Beta */; };
		835DA98B2D687C8300E4026B /* FirebaseAuth in Frameworks */ = {isa = PBXBuildFile; productRef = 835DA98A2D687C8300E4026B /* FirebaseAuth */; };
		835DA98D2D687C8300E4026B /* FirebaseAuthCombine-Community in Frameworks */ = {isa = PBXBuildFile; productRef = 835DA98C2D687C8300E4026B /* FirebaseAuthCombine-Community */; };
		835DA98F2D687C8300E4026B /* FirebaseCore in Frameworks */ = {isa = PBXBuildFile; productRef = 835DA98E2D687C8300E4026B /* FirebaseCore */; };
		835DA9912D687C8300E4026B /* FirebaseCrashlytics in Frameworks */ = {isa = PBXBuildFile; productRef = 835DA9902D687C8300E4026B /* FirebaseCrashlytics */; };
		835DA9932D687C8300E4026B /* FirebaseDatabase in Frameworks */ = {isa = PBXBuildFile; productRef = 835DA9922D687C8300E4026B /* FirebaseDatabase */; };
		835DA9952D687C8300E4026B /* FirebaseDynamicLinks in Frameworks */ = {isa = PBXBuildFile; productRef = 835DA9942D687C8300E4026B /* FirebaseDynamicLinks */; };
		835DA9972D687C8300E4026B /* FirebaseFirestore in Frameworks */ = {isa = PBXBuildFile; productRef = 835DA9962D687C8300E4026B /* FirebaseFirestore */; };
		835DA9992D687C8300E4026B /* FirebaseFirestoreCombine-Community in Frameworks */ = {isa = PBXBuildFile; productRef = 835DA9982D687C8300E4026B /* FirebaseFirestoreCombine-Community */; };
		835DA99B2D687C8300E4026B /* FirebaseFunctions in Frameworks */ = {isa = PBXBuildFile; productRef = 835DA99A2D687C8300E4026B /* FirebaseFunctions */; };
		835DA99D2D687C8300E4026B /* FirebaseFunctionsCombine-Community in Frameworks */ = {isa = PBXBuildFile; productRef = 835DA99C2D687C8300E4026B /* FirebaseFunctionsCombine-Community */; };
		835DA99F2D687C8300E4026B /* FirebaseInAppMessaging-Beta in Frameworks */ = {isa = PBXBuildFile; productRef = 835DA99E2D687C8300E4026B /* FirebaseInAppMessaging-Beta */; };
		835DA9A12D687C8300E4026B /* FirebaseInstallations in Frameworks */ = {isa = PBXBuildFile; productRef = 835DA9A02D687C8300E4026B /* FirebaseInstallations */; };
		835DA9A32D687C8300E4026B /* FirebaseMessaging in Frameworks */ = {isa = PBXBuildFile; productRef = 835DA9A22D687C8300E4026B /* FirebaseMessaging */; };
		835DA9A52D687C8300E4026B /* FirebaseMLModelDownloader in Frameworks */ = {isa = PBXBuildFile; productRef = 835DA9A42D687C8300E4026B /* FirebaseMLModelDownloader */; };
		835DA9A72D687C8300E4026B /* FirebasePerformance in Frameworks */ = {isa = PBXBuildFile; productRef = 835DA9A62D687C8300E4026B /* FirebasePerformance */; };
		835DA9A92D687C8300E4026B /* FirebaseRemoteConfig in Frameworks */ = {isa = PBXBuildFile; productRef = 835DA9A82D687C8300E4026B /* FirebaseRemoteConfig */; };
		835DA9AB2D687C8300E4026B /* FirebaseStorage in Frameworks */ = {isa = PBXBuildFile; productRef = 835DA9AA2D687C8300E4026B /* FirebaseStorage */; };
		835DA9AD2D687C8300E4026B /* FirebaseStorageCombine-Community in Frameworks */ = {isa = PBXBuildFile; productRef = 835DA9AC2D687C8300E4026B /* FirebaseStorageCombine-Community */; };
		835DA9AF2D687C8300E4026B /* FirebaseVertexAI in Frameworks */ = {isa = PBXBuildFile; productRef = 835DA9AE2D687C8300E4026B /* FirebaseVertexAI */; };
/* End PBXBuildFile section */

/* Begin PBXFileReference section */
		835DA91E2D5A59E500E4026B /* Buzz.app */ = {isa = PBXFileReference; explicitFileType = wrapper.application; includeInIndex = 0; path = Buzz.app; sourceTree = BUILT_PRODUCTS_DIR; };
/* End PBXFileReference section */

/* Begin PBXFileSystemSynchronizedRootGroup section */
		835DA9202D5A59E500E4026B /* Buzz */ = {
			isa = PBXFileSystemSynchronizedRootGroup;
			path = Buzz;
			sourceTree = "<group>";
		};
/* End PBXFileSystemSynchronizedRootGroup section */

/* Begin PBXFrameworksBuildPhase section */
		835DA91B2D5A59E500E4026B /* Frameworks */ = {
			isa = PBXFrameworksBuildPhase;
			buildActionMask = 2147483647;
			files = (
				835DA9A32D687C8300E4026B /* FirebaseMessaging in Frameworks */,
				835DA9AF2D687C8300E4026B /* FirebaseVertexAI in Frameworks */,
				835DA9992D687C8300E4026B /* FirebaseFirestoreCombine-Community in Frameworks */,
				835DA9A72D687C8300E4026B /* FirebasePerformance in Frameworks */,
				835DA9AD2D687C8300E4026B /* FirebaseStorageCombine-Community in Frameworks */,
				835DA9A92D687C8300E4026B /* FirebaseRemoteConfig in Frameworks */,
				835DA99B2D687C8300E4026B /* FirebaseFunctions in Frameworks */,
				835DA9932D687C8300E4026B /* FirebaseDatabase in Frameworks */,
				835DA9952D687C8300E4026B /* FirebaseDynamicLinks in Frameworks */,
				835DA9872D687C8300E4026B /* FirebaseAppCheck in Frameworks */,
				835DA98B2D687C8300E4026B /* FirebaseAuth in Frameworks */,
				835DA9812D687C8300E4026B /* FirebaseAnalytics in Frameworks */,
				835DA9972D687C8300E4026B /* FirebaseFirestore in Frameworks */,
				835DA9A12D687C8300E4026B /* FirebaseInstallations in Frameworks */,
				835DA99D2D687C8300E4026B /* FirebaseFunctionsCombine-Community in Frameworks */,
				835DA9892D687C8300E4026B /* FirebaseAppDistribution-Beta in Frameworks */,
				835DA9A52D687C8300E4026B /* FirebaseMLModelDownloader in Frameworks */,
				835DA9852D687C8300E4026B /* FirebaseAnalyticsWithoutAdIdSupport in Frameworks */,
				835DA99F2D687C8300E4026B /* FirebaseInAppMessaging-Beta in Frameworks */,
				835DA98D2D687C8300E4026B /* FirebaseAuthCombine-Community in Frameworks */,
				835DA9912D687C8300E4026B /* FirebaseCrashlytics in Frameworks */,
				835DA9AB2D687C8300E4026B /* FirebaseStorage in Frameworks */,
				835DA98F2D687C8300E4026B /* FirebaseCore in Frameworks */,
				835DA9832D687C8300E4026B /* FirebaseAnalyticsOnDeviceConversion in Frameworks */,
			);
			runOnlyForDeploymentPostprocessing = 0;
		};
/* End PBXFrameworksBuildPhase section */

/* Begin PBXGroup section */
		835DA9152D5A59E500E4026B = {
			isa = PBXGroup;
			children = (
				835DA9202D5A59E500E4026B /* Buzz */,
				835DA97F2D687C8300E4026B /* Frameworks */,
				835DA91F2D5A59E500E4026B /* Products */,
			);
			sourceTree = "<group>";
		};
		835DA91F2D5A59E500E4026B /* Products */ = {
			isa = PBXGroup;
			children = (
				835DA91E2D5A59E500E4026B /* Buzz.app */,
			);
			name = Products;
			sourceTree = "<group>";
		};
		835DA97F2D687C8300E4026B /* Frameworks */ = {
			isa = PBXGroup;
			children = (
			);
			name = Frameworks;
			sourceTree = "<group>";
		};
/* End PBXGroup section */

/* Begin PBXNativeTarget section */
		835DA91D2D5A59E500E4026B /* Buzz */ = {
			isa = PBXNativeTarget;
			buildConfigurationList = 835DA92C2D5A59E700E4026B /* Build configuration list for PBXNativeTarget "Buzz" */;
			buildPhases = (
				835DA91A2D5A59E500E4026B /* Sources */,
				835DA91B2D5A59E500E4026B /* Frameworks */,
				835DA91C2D5A59E500E4026B /* Resources */,
			);
			buildRules = (
			);
			dependencies = (
			);
			fileSystemSynchronizedGroups = (
				835DA9202D5A59E500E4026B /* Buzz */,
			);
			name = Buzz;
			packageProductDependencies = (
				835DA9802D687C8300E4026B /* FirebaseAnalytics */,
				835DA9822D687C8300E4026B /* FirebaseAnalyticsOnDeviceConversion */,
				835DA9842D687C8300E4026B /* FirebaseAnalyticsWithoutAdIdSupport */,
				835DA9862D687C8300E4026B /* FirebaseAppCheck */,
				835DA9882D687C8300E4026B /* FirebaseAppDistribution-Beta */,
				835DA98A2D687C8300E4026B /* FirebaseAuth */,
				835DA98C2D687C8300E4026B /* FirebaseAuthCombine-Community */,
				835DA98E2D687C8300E4026B /* FirebaseCore */,
				835DA9902D687C8300E4026B /* FirebaseCrashlytics */,
				835DA9922D687C8300E4026B /* FirebaseDatabase */,
				835DA9942D687C8300E4026B /* FirebaseDynamicLinks */,
				835DA9962D687C8300E4026B /* FirebaseFirestore */,
				835DA9982D687C8300E4026B /* FirebaseFirestoreCombine-Community */,
				835DA99A2D687C8300E4026B /* FirebaseFunctions */,
				835DA99C2D687C8300E4026B /* FirebaseFunctionsCombine-Community */,
				835DA99E2D687C8300E4026B /* FirebaseInAppMessaging-Beta */,
				835DA9A02D687C8300E4026B /* FirebaseInstallations */,
				835DA9A22D687C8300E4026B /* FirebaseMessaging */,
				835DA9A42D687C8300E4026B /* FirebaseMLModelDownloader */,
				835DA9A62D687C8300E4026B /* FirebasePerformance */,
				835DA9A82D687C8300E4026B /* FirebaseRemoteConfig */,
				835DA9AA2D687C8300E4026B /* FirebaseStorage */,
				835DA9AC2D687C8300E4026B /* FirebaseStorageCombine-Community */,
				835DA9AE2D687C8300E4026B /* FirebaseVertexAI */,
			);
			productName = Buzz;
			productReference = 835DA91E2D5A59E500E4026B /* Buzz.app */;
			productType = "com.apple.product-type.application";
		};
/* End PBXNativeTarget section */

/* Begin PBXProject section */
		835DA9162D5A59E500E4026B /* Project object */ = {
			isa = PBXProject;
			attributes = {
				BuildIndependentTargetsInParallel = 1;
				LastSwiftUpdateCheck = 1620;
				LastUpgradeCheck = 1620;
				TargetAttributes = {
					835DA91D2D5A59E500E4026B = {
						CreatedOnToolsVersion = 16.2;
					};
				};
			};
			buildConfigurationList = 835DA9192D5A59E500E4026B /* Build configuration list for PBXProject "Buzz" */;
			developmentRegion = en;
			hasScannedForEncodings = 0;
			knownRegions = (
				en,
				Base,
			);
			mainGroup = 835DA9152D5A59E500E4026B;
			minimizedProjectReferenceProxies = 1;
			packageReferences = (
				835DA97E2D687B8800E4026B /* XCRemoteSwiftPackageReference "firebase-ios-sdk" */,
			);
			preferredProjectObjectVersion = 77;
			productRefGroup = 835DA91F2D5A59E500E4026B /* Products */;
			projectDirPath = "";
			projectRoot = "";
			targets = (
				835DA91D2D5A59E500E4026B /* Buzz */,
			);
		};
/* End PBXProject section */

/* Begin PBXResourcesBuildPhase section */
		835DA91C2D5A59E500E4026B /* Resources */ = {
			isa = PBXResourcesBuildPhase;
			buildActionMask = 2147483647;
			files = (
			);
			runOnlyForDeploymentPostprocessing = 0;
		};
/* End PBXResourcesBuildPhase section */

/* Begin PBXSourcesBuildPhase section */
		835DA91A2D5A59E500E4026B /* Sources */ = {
			isa = PBXSourcesBuildPhase;
			buildActionMask = 2147483647;
			files = (
			);
			runOnlyForDeploymentPostprocessing = 0;
		};
/* End PBXSourcesBuildPhase section */

/* Begin XCBuildConfiguration section */
		835DA92A2D5A59E700E4026B /* Debug */ = {
			isa = XCBuildConfiguration;
			buildSettings = {
				ALWAYS_SEARCH_USER_PATHS = NO;
				ASSETCATALOG_COMPILER_GENERATE_SWIFT_ASSET_SYMBOL_EXTENSIONS = YES;
				CLANG_ANALYZER_NONNULL = YES;
				CLANG_ANALYZER_NUMBER_OBJECT_CONVERSION = YES_AGGRESSIVE;
				CLANG_CXX_LANGUAGE_STANDARD = "gnu++20";
				CLANG_ENABLE_MODULES = YES;
				CLANG_ENABLE_OBJC_ARC = YES;
				CLANG_ENABLE_OBJC_WEAK = YES;
				CLANG_WARN_BLOCK_CAPTURE_AUTORELEASING = YES;
				CLANG_WARN_BOOL_CONVERSION = YES;
				CLANG_WARN_COMMA = YES;
				CLANG_WARN_CONSTANT_CONVERSION = YES;
				CLANG_WARN_DEPRECATED_OBJC_IMPLEMENTATIONS = YES;
				CLANG_WARN_DIRECT_OBJC_ISA_USAGE = YES_ERROR;
				CLANG_WARN_DOCUMENTATION_COMMENTS = YES;
				CLANG_WARN_EMPTY_BODY = YES;
				CLANG_WARN_ENUM_CONVERSION = YES;
				CLANG_WARN_INFINITE_RECURSION = YES;
				CLANG_WARN_INT_CONVERSION = YES;
				CLANG_WARN_NON_LITERAL_NULL_CONVERSION = YES;
				CLANG_WARN_OBJC_IMPLICIT_RETAIN_SELF = YES;
				CLANG_WARN_OBJC_LITERAL_CONVERSION = YES;
				CLANG_WARN_OBJC_ROOT_CLASS = YES_ERROR;
				CLANG_WARN_QUOTED_INCLUDE_IN_FRAMEWORK_HEADER = YES;
				CLANG_WARN_RANGE_LOOP_ANALYSIS = YES;
				CLANG_WARN_STRICT_PROTOTYPES = YES;
				CLANG_WARN_SUSPICIOUS_MOVE = YES;
				CLANG_WARN_UNGUARDED_AVAILABILITY = YES_AGGRESSIVE;
				CLANG_WARN_UNREACHABLE_CODE = YES;
				CLANG_WARN__DUPLICATE_METHOD_MATCH = YES;
				COPY_PHASE_STRIP = NO;
				DEBUG_INFORMATION_FORMAT = dwarf;
				ENABLE_STRICT_OBJC_MSGSEND = YES;
				ENABLE_TESTABILITY = YES;
				ENABLE_USER_SCRIPT_SANDBOXING = YES;
				GCC_C_LANGUAGE_STANDARD = gnu17;
				GCC_DYNAMIC_NO_PIC = NO;
				GCC_NO_COMMON_BLOCKS = YES;
				GCC_OPTIMIZATION_LEVEL = 0;
				GCC_PREPROCESSOR_DEFINITIONS = (
					"DEBUG=1",
					"$(inherited)",
				);
				GCC_WARN_64_TO_32_BIT_CONVERSION = YES;
				GCC_WARN_ABOUT_RETURN_TYPE = YES_ERROR;
				GCC_WARN_UNDECLARED_SELECTOR = YES;
				GCC_WARN_UNINITIALIZED_AUTOS = YES_AGGRESSIVE;
				GCC_WARN_UNUSED_FUNCTION = YES;
				GCC_WARN_UNUSED_VARIABLE = YES;
				IPHONEOS_DEPLOYMENT_TARGET = 18.2;
				LOCALIZATION_PREFERS_STRING_CATALOGS = YES;
				MTL_ENABLE_DEBUG_INFO = INCLUDE_SOURCE;
				MTL_FAST_MATH = YES;
				ONLY_ACTIVE_ARCH = YES;
				SDKROOT = iphoneos;
				SWIFT_ACTIVE_COMPILATION_CONDITIONS = "DEBUG $(inherited)";
				SWIFT_OPTIMIZATION_LEVEL = "-Onone";
			};
			name = Debug;
		};
		835DA92B2D5A59E700E4026B /* Release */ = {
			isa = XCBuildConfiguration;
			buildSettings = {
				ALWAYS_SEARCH_USER_PATHS = NO;
				ASSETCATALOG_COMPILER_GENERATE_SWIFT_ASSET_SYMBOL_EXTENSIONS = YES;
				CLANG_ANALYZER_NONNULL = YES;
				CLANG_ANALYZER_NUMBER_OBJECT_CONVERSION = YES_AGGRESSIVE;
				CLANG_CXX_LANGUAGE_STANDARD = "gnu++20";
				CLANG_ENABLE_MODULES = YES;
				CLANG_ENABLE_OBJC_ARC = YES;
				CLANG_ENABLE_OBJC_WEAK = YES;
				CLANG_WARN_BLOCK_CAPTURE_AUTORELEASING = YES;
				CLANG_WARN_BOOL_CONVERSION = YES;
				CLANG_WARN_COMMA = YES;
				CLANG_WARN_CONSTANT_CONVERSION = YES;
				CLANG_WARN_DEPRECATED_OBJC_IMPLEMENTATIONS = YES;
				CLANG_WARN_DIRECT_OBJC_ISA_USAGE = YES_ERROR;
				CLANG_WARN_DOCUMENTATION_COMMENTS = YES;
				CLANG_WARN_EMPTY_BODY = YES;
				CLANG_WARN_ENUM_CONVERSION = YES;
				CLANG_WARN_INFINITE_RECURSION = YES;
				CLANG_WARN_INT_CONVERSION = YES;
				CLANG_WARN_NON_LITERAL_NULL_CONVERSION = YES;
				CLANG_WARN_OBJC_IMPLICIT_RETAIN_SELF = YES;
				CLANG_WARN_OBJC_LITERAL_CONVERSION = YES;
				CLANG_WARN_OBJC_ROOT_CLASS = YES_ERROR;
				CLANG_WARN_QUOTED_INCLUDE_IN_FRAMEWORK_HEADER = YES;
				CLANG_WARN_RANGE_LOOP_ANALYSIS = YES;
				CLANG_WARN_STRICT_PROTOTYPES = YES;
				CLANG_WARN_SUSPICIOUS_MOVE = YES;
				CLANG_WARN_UNGUARDED_AVAILABILITY = YES_AGGRESSIVE;
				CLANG_WARN_UNREACHABLE_CODE = YES;
				CLANG_WARN__DUPLICATE_METHOD_MATCH = YES;
				COPY_PHASE_STRIP = NO;
				DEBUG_INFORMATION_FORMAT = "dwarf-with-dsym";
				ENABLE_NS_ASSERTIONS = NO;
				ENABLE_STRICT_OBJC_MSGSEND = YES;
				ENABLE_USER_SCRIPT_SANDBOXING = YES;
				GCC_C_LANGUAGE_STANDARD = gnu17;
				GCC_NO_COMMON_BLOCKS = YES;
				GCC_WARN_64_TO_32_BIT_CONVERSION = YES;
				GCC_WARN_ABOUT_RETURN_TYPE = YES_ERROR;
				GCC_WARN_UNDECLARED_SELECTOR = YES;
				GCC_WARN_UNINITIALIZED_AUTOS = YES_AGGRESSIVE;
				GCC_WARN_UNUSED_FUNCTION = YES;
				GCC_WARN_UNUSED_VARIABLE = YES;
				IPHONEOS_DEPLOYMENT_TARGET = 18.2;
				LOCALIZATION_PREFERS_STRING_CATALOGS = YES;
				MTL_ENABLE_DEBUG_INFO = NO;
				MTL_FAST_MATH = YES;
				SDKROOT = iphoneos;
				SWIFT_COMPILATION_MODE = wholemodule;
				VALIDATE_PRODUCT = YES;
			};
			name = Release;
		};
		835DA92D2D5A59E700E4026B /* Debug */ = {
			isa = XCBuildConfiguration;
			buildSettings = {
				ASSETCATALOG_COMPILER_APPICON_NAME = AppIcon;
				ASSETCATALOG_COMPILER_GLOBAL_ACCENT_COLOR_NAME = AccentColor;
				CODE_SIGN_STYLE = Automatic;
				CURRENT_PROJECT_VERSION = 1;
				DEVELOPMENT_ASSET_PATHS = "\"Buzz/Preview Content\"";
				ENABLE_PREVIEWS = YES;
				GENERATE_INFOPLIST_FILE = YES;
				INFOPLIST_KEY_UIApplicationSceneManifest_Generation = YES;
				INFOPLIST_KEY_UIApplicationSupportsIndirectInputEvents = YES;
				INFOPLIST_KEY_UILaunchScreen_Generation = YES;
				INFOPLIST_KEY_UISupportedInterfaceOrientations_iPad = "UIInterfaceOrientationPortrait UIInterfaceOrientationPortraitUpsideDown UIInterfaceOrientationLandscapeLeft UIInterfaceOrientationLandscapeRight";
				INFOPLIST_KEY_UISupportedInterfaceOrientations_iPhone = "UIInterfaceOrientationPortrait UIInterfaceOrientationLandscapeLeft UIInterfaceOrientationLandscapeRight";
				LD_RUNPATH_SEARCH_PATHS = (
					"$(inherited)",
					"@executable_path/Frameworks",
				);
				MARKETING_VERSION = 1.0;
				PRODUCT_BUNDLE_IDENTIFIER = "de.syntax-institut.Buzz";
				PRODUCT_NAME = "$(TARGET_NAME)";
				SWIFT_EMIT_LOC_STRINGS = YES;
				SWIFT_VERSION = 5.0;
				TARGETED_DEVICE_FAMILY = "1,2";
			};
			name = Debug;
		};
		835DA92E2D5A59E700E4026B /* Release */ = {
			isa = XCBuildConfiguration;
			buildSettings = {
				ASSETCATALOG_COMPILER_APPICON_NAME = AppIcon;
				ASSETCATALOG_COMPILER_GLOBAL_ACCENT_COLOR_NAME = AccentColor;
				CODE_SIGN_STYLE = Automatic;
				CURRENT_PROJECT_VERSION = 1;
				DEVELOPMENT_ASSET_PATHS = "\"Buzz/Preview Content\"";
				ENABLE_PREVIEWS = YES;
				GENERATE_INFOPLIST_FILE = YES;
				INFOPLIST_KEY_UIApplicationSceneManifest_Generation = YES;
				INFOPLIST_KEY_UIApplicationSupportsIndirectInputEvents = YES;
				INFOPLIST_KEY_UILaunchScreen_Generation = YES;
				INFOPLIST_KEY_UISupportedInterfaceOrientations_iPad = "UIInterfaceOrientationPortrait UIInterfaceOrientationPortraitUpsideDown UIInterfaceOrientationLandscapeLeft UIInterfaceOrientationLandscapeRight";
				INFOPLIST_KEY_UISupportedInterfaceOrientations_iPhone = "UIInterfaceOrientationPortrait UIInterfaceOrientationLandscapeLeft UIInterfaceOrientationLandscapeRight";
				LD_RUNPATH_SEARCH_PATHS = (
					"$(inherited)",
					"@executable_path/Frameworks",
				);
				MARKETING_VERSION = 1.0;
				PRODUCT_BUNDLE_IDENTIFIER = "de.syntax-institut.Buzz";
				PRODUCT_NAME = "$(TARGET_NAME)";
				SWIFT_EMIT_LOC_STRINGS = YES;
				SWIFT_VERSION = 5.0;
				TARGETED_DEVICE_FAMILY = "1,2";
			};
			name = Release;
		};
/* End XCBuildConfiguration section */

/* Begin XCConfigurationList section */
		835DA9192D5A59E500E4026B /* Build configuration list for PBXProject "Buzz" */ = {
			isa = XCConfigurationList;
			buildConfigurations = (
				835DA92A2D5A59E700E4026B /* Debug */,
				835DA92B2D5A59E700E4026B /* Release */,
			);
			defaultConfigurationIsVisible = 0;
			defaultConfigurationName = Release;
		};
		835DA92C2D5A59E700E4026B /* Build configuration list for PBXNativeTarget "Buzz" */ = {
			isa = XCConfigurationList;
			buildConfigurations = (
				835DA92D2D5A59E700E4026B /* Debug */,
				835DA92E2D5A59E700E4026B /* Release */,
			);
			defaultConfigurationIsVisible = 0;
			defaultConfigurationName = Release;
		};
/* End XCConfigurationList section */

/* Begin XCRemoteSwiftPackageReference section */
		835DA97E2D687B8800E4026B /* XCRemoteSwiftPackageReference "firebase-ios-sdk" */ = {
			isa = XCRemoteSwiftPackageReference;
			repositoryURL = "https://github.com/firebase/firebase-ios-sdk";
			requirement = {
				kind = upToNextMajorVersion;
				minimumVersion = 11.8.1;
			};
		};
/* End XCRemoteSwiftPackageReference section */

/* Begin XCSwiftPackageProductDependency section */
		835DA9802D687C8300E4026B /* FirebaseAnalytics */ = {
			isa = XCSwiftPackageProductDependency;
			package = 835DA97E2D687B8800E4026B /* XCRemoteSwiftPackageReference "firebase-ios-sdk" */;
			productName = FirebaseAnalytics;
		};
		835DA9822D687C8300E4026B /* FirebaseAnalyticsOnDeviceConversion */ = {
			isa = XCSwiftPackageProductDependency;
			package = 835DA97E2D687B8800E4026B /* XCRemoteSwiftPackageReference "firebase-ios-sdk" */;
			productName = FirebaseAnalyticsOnDeviceConversion;
		};
		835DA9842D687C8300E4026B /* FirebaseAnalyticsWithoutAdIdSupport */ = {
			isa = XCSwiftPackageProductDependency;
			package = 835DA97E2D687B8800E4026B /* XCRemoteSwiftPackageReference "firebase-ios-sdk" */;
			productName = FirebaseAnalyticsWithoutAdIdSupport;
		};
		835DA9862D687C8300E4026B /* FirebaseAppCheck */ = {
			isa = XCSwiftPackageProductDependency;
			package = 835DA97E2D687B8800E4026B /* XCRemoteSwiftPackageReference "firebase-ios-sdk" */;
			productName = FirebaseAppCheck;
		};
		835DA9882D687C8300E4026B /* FirebaseAppDistribution-Beta */ = {
			isa = XCSwiftPackageProductDependency;
			package = 835DA97E2D687B8800E4026B /* XCRemoteSwiftPackageReference "firebase-ios-sdk" */;
			productName = "FirebaseAppDistribution-Beta";
		};
		835DA98A2D687C8300E4026B /* FirebaseAuth */ = {
			isa = XCSwiftPackageProductDependency;
			package = 835DA97E2D687B8800E4026B /* XCRemoteSwiftPackageReference "firebase-ios-sdk" */;
			productName = FirebaseAuth;
		};
		835DA98C2D687C8300E4026B /* FirebaseAuthCombine-Community */ = {
			isa = XCSwiftPackageProductDependency;
			package = 835DA97E2D687B8800E4026B /* XCRemoteSwiftPackageReference "firebase-ios-sdk" */;
			productName = "FirebaseAuthCombine-Community";
		};
		835DA98E2D687C8300E4026B /* FirebaseCore */ = {
			isa = XCSwiftPackageProductDependency;
			package = 835DA97E2D687B8800E4026B /* XCRemoteSwiftPackageReference "firebase-ios-sdk" */;
			productName = FirebaseCore;
		};
		835DA9902D687C8300E4026B /* FirebaseCrashlytics */ = {
			isa = XCSwiftPackageProductDependency;
			package = 835DA97E2D687B8800E4026B /* XCRemoteSwiftPackageReference "firebase-ios-sdk" */;
			productName = FirebaseCrashlytics;
		};
		835DA9922D687C8300E4026B /* FirebaseDatabase */ = {
			isa = XCSwiftPackageProductDependency;
			package = 835DA97E2D687B8800E4026B /* XCRemoteSwiftPackageReference "firebase-ios-sdk" */;
			productName = FirebaseDatabase;
		};
		835DA9942D687C8300E4026B /* FirebaseDynamicLinks */ = {
			isa = XCSwiftPackageProductDependency;
			package = 835DA97E2D687B8800E4026B /* XCRemoteSwiftPackageReference "firebase-ios-sdk" */;
			productName = FirebaseDynamicLinks;
		};
		835DA9962D687C8300E4026B /* FirebaseFirestore */ = {
			isa = XCSwiftPackageProductDependency;
			package = 835DA97E2D687B8800E4026B /* XCRemoteSwiftPackageReference "firebase-ios-sdk" */;
			productName = FirebaseFirestore;
		};
		835DA9982D687C8300E4026B /* FirebaseFirestoreCombine-Community */ = {
			isa = XCSwiftPackageProductDependency;
			package = 835DA97E2D687B8800E4026B /* XCRemoteSwiftPackageReference "firebase-ios-sdk" */;
			productName = "FirebaseFirestoreCombine-Community";
		};
		835DA99A2D687C8300E4026B /* FirebaseFunctions */ = {
			isa = XCSwiftPackageProductDependency;
			package = 835DA97E2D687B8800E4026B /* XCRemoteSwiftPackageReference "firebase-ios-sdk" */;
			productName = FirebaseFunctions;
		};
		835DA99C2D687C8300E4026B /* FirebaseFunctionsCombine-Community */ = {
			isa = XCSwiftPackageProductDependency;
			package = 835DA97E2D687B8800E4026B /* XCRemoteSwiftPackageReference "firebase-ios-sdk" */;
			productName = "FirebaseFunctionsCombine-Community";
		};
		835DA99E2D687C8300E4026B /* FirebaseInAppMessaging-Beta */ = {
			isa = XCSwiftPackageProductDependency;
			package = 835DA97E2D687B8800E4026B /* XCRemoteSwiftPackageReference "firebase-ios-sdk" */;
			productName = "FirebaseInAppMessaging-Beta";
		};
		835DA9A02D687C8300E4026B /* FirebaseInstallations */ = {
			isa = XCSwiftPackageProductDependency;
			package = 835DA97E2D687B8800E4026B /* XCRemoteSwiftPackageReference "firebase-ios-sdk" */;
			productName = FirebaseInstallations;
		};
		835DA9A22D687C8300E4026B /* FirebaseMessaging */ = {
			isa = XCSwiftPackageProductDependency;
			package = 835DA97E2D687B8800E4026B /* XCRemoteSwiftPackageReference "firebase-ios-sdk" */;
			productName = FirebaseMessaging;
		};
		835DA9A42D687C8300E4026B /* FirebaseMLModelDownloader */ = {
			isa = XCSwiftPackageProductDependency;
			package = 835DA97E2D687B8800E4026B /* XCRemoteSwiftPackageReference "firebase-ios-sdk" */;
			productName = FirebaseMLModelDownloader;
		};
		835DA9A62D687C8300E4026B /* FirebasePerformance */ = {
			isa = XCSwiftPackageProductDependency;
			package = 835DA97E2D687B8800E4026B /* XCRemoteSwiftPackageReference "firebase-ios-sdk" */;
			productName = FirebasePerformance;
		};
		835DA9A82D687C8300E4026B /* FirebaseRemoteConfig */ = {
			isa = XCSwiftPackageProductDependency;
			package = 835DA97E2D687B8800E4026B /* XCRemoteSwiftPackageReference "firebase-ios-sdk" */;
			productName = FirebaseRemoteConfig;
		};
		835DA9AA2D687C8300E4026B /* FirebaseStorage */ = {
			isa = XCSwiftPackageProductDependency;
			package = 835DA97E2D687B8800E4026B /* XCRemoteSwiftPackageReference "firebase-ios-sdk" */;
			productName = FirebaseStorage;
		};
		835DA9AC2D687C8300E4026B /* FirebaseStorageCombine-Community */ = {
			isa = XCSwiftPackageProductDependency;
			package = 835DA97E2D687B8800E4026B /* XCRemoteSwiftPackageReference "firebase-ios-sdk" */;
			productName = "FirebaseStorageCombine-Community";
		};
		835DA9AE2D687C8300E4026B /* FirebaseVertexAI */ = {
			isa = XCSwiftPackageProductDependency;
			package = 835DA97E2D687B8800E4026B /* XCRemoteSwiftPackageReference "firebase-ios-sdk" */;
			productName = FirebaseVertexAI;
		};
/* End XCSwiftPackageProductDependency section */
	};
	rootObject = 835DA9162D5A59E500E4026B /* Project object */;
}
